
Microsoft Visual Studio Solution File, Format Version 12.00
# Visual Studio Version 16
VisualStudioVersion = 16.0.30717.126
MinimumVisualStudioVersion = 10.0.40219.1
Project("{FAE04EC0-301F-11D3-BF4B-00C04F79EFBC}") = "Deliverable2", "Deliverable2\Deliverable2.csproj", "{BF6587A5-B7E3-4426-8F7C-A07862891854}"
EndProject
Global
	GlobalSection(SolutionConfigurationPlatforms) = preSolution
		Debug|Any CPU = Debug|Any CPU
		Release|Any CPU = Release|Any CPU
	EndGlobalSection
	GlobalSection(ProjectConfigurationPlatforms) = postSolution
		{BF6587A5-B7E3-4426-8F7C-A07862891854}.Debug|Any CPU.ActiveCfg = Debug|Any CPU
		{BF6587A5-B7E3-4426-8F7C-A07862891854}.Debug|Any CPU.Build.0 = Debug|Any CPU
		{BF6587A5-B7E3-4426-8F7C-A07862891854}.Release|Any CPU.ActiveCfg = Release|Any CPU
		{BF6587A5-B7E3-4426-8F7C-A07862891854}.Release|Any CPU.Build.0 = Release|Any CPU
	EndGlobalSection
	GlobalSection(SolutionProperties) = preSolution
		HideSolutionNode = FALSE
	EndGlobalSection
	GlobalSection(ExtensibilityGlobals) = postSolution
		SolutionGuid = {29A2AF7F-46ED-43B4-A756-B5D4A2FEC3CB}
	EndGlobalSection
EndGlobal
